
Microsoft Visual Studio Solution File, Format Version 12.00
# Visual Studio 15
VisualStudioVersion = 15.0.26730.12
MinimumVisualStudioVersion = 10.0.40219.1
Project("{FAE04EC0-301F-11D3-BF4B-00C04F79EFBC}") = "GameOfLife", "GameOfLife\GameOfLife.csproj", "{65D15580-2F5A-44C1-84AB-F27EC1997897}"
EndProject
Project("{FAE04EC0-301F-11D3-BF4B-00C04F79EFBC}") = "GameOfLifeRepository", "GameOfLifeRepository\GameOfLifeRepository.csproj", "{9FD9A083-7F69-4C00-89FC-950E30AC6759}"
EndProject
Project("{FAE04EC0-301F-11D3-BF4B-00C04F79EFBC}") = "GameOfLifePresentation", "GameOfLifePresentation\GameOfLifePresentation.csproj", "{7244015E-B36A-4722-AD21-4990C7794307}"
EndProject
Project("{FAE04EC0-301F-11D3-BF4B-00C04F79EFBC}") = "GameOfLifeRepository.Tests", "GameOfLifeRepository.Tests\GameOfLifeRepository.Tests.csproj", "{EABC235D-AC8D-4155-B0FB-88B1C7729BAE}"
EndProject
Project("{FAE04EC0-301F-11D3-BF4B-00C04F79EFBC}") = "GameOfLife.Tests", "GameOfLife.Tests\GameOfLife.Tests.csproj", "{687032A6-EFC1-43E2-A2E8-647597F4048D}"
EndProject
Global
	GlobalSection(SolutionConfigurationPlatforms) = preSolution
		Debug|Any CPU = Debug|Any CPU
		Release|Any CPU = Release|Any CPU
	EndGlobalSection
	GlobalSection(ProjectConfigurationPlatforms) = postSolution
		{65D15580-2F5A-44C1-84AB-F27EC1997897}.Debug|Any CPU.ActiveCfg = Debug|Any CPU
		{65D15580-2F5A-44C1-84AB-F27EC1997897}.Debug|Any CPU.Build.0 = Debug|Any CPU
		{65D15580-2F5A-44C1-84AB-F27EC1997897}.Release|Any CPU.ActiveCfg = Release|Any CPU
		{65D15580-2F5A-44C1-84AB-F27EC1997897}.Release|Any CPU.Build.0 = Release|Any CPU
		{9FD9A083-7F69-4C00-89FC-950E30AC6759}.Debug|Any CPU.ActiveCfg = Debug|Any CPU
		{9FD9A083-7F69-4C00-89FC-950E30AC6759}.Debug|Any CPU.Build.0 = Debug|Any CPU
		{9FD9A083-7F69-4C00-89FC-950E30AC6759}.Release|Any CPU.ActiveCfg = Release|Any CPU
		{9FD9A083-7F69-4C00-89FC-950E30AC6759}.Release|Any CPU.Build.0 = Release|Any CPU
		{7244015E-B36A-4722-AD21-4990C7794307}.Debug|Any CPU.ActiveCfg = Debug|Any CPU
		{7244015E-B36A-4722-AD21-4990C7794307}.Debug|Any CPU.Build.0 = Debug|Any CPU
		{7244015E-B36A-4722-AD21-4990C7794307}.Release|Any CPU.ActiveCfg = Release|Any CPU
		{7244015E-B36A-4722-AD21-4990C7794307}.Release|Any CPU.Build.0 = Release|Any CPU
		{EABC235D-AC8D-4155-B0FB-88B1C7729BAE}.Debug|Any CPU.ActiveCfg = Debug|Any CPU
		{EABC235D-AC8D-4155-B0FB-88B1C7729BAE}.Debug|Any CPU.Build.0 = Debug|Any CPU
		{EABC235D-AC8D-4155-B0FB-88B1C7729BAE}.Release|Any CPU.ActiveCfg = Release|Any CPU
		{EABC235D-AC8D-4155-B0FB-88B1C7729BAE}.Release|Any CPU.Build.0 = Release|Any CPU
		{687032A6-EFC1-43E2-A2E8-647597F4048D}.Debug|Any CPU.ActiveCfg = Debug|Any CPU
		{687032A6-EFC1-43E2-A2E8-647597F4048D}.Debug|Any CPU.Build.0 = Debug|Any CPU
		{687032A6-EFC1-43E2-A2E8-647597F4048D}.Release|Any CPU.ActiveCfg = Release|Any CPU
		{687032A6-EFC1-43E2-A2E8-647597F4048D}.Release|Any CPU.Build.0 = Release|Any CPU
	EndGlobalSection
	GlobalSection(SolutionProperties) = preSolution
		HideSolutionNode = FALSE
	EndGlobalSection
	GlobalSection(ExtensibilityGlobals) = postSolution
		SolutionGuid = {EF6ED796-46AE-43CF-A0CE-935001C2A3A9}
	EndGlobalSection
EndGlobal
